{
  "pins" : [
    {
      "identity" : "swiftui-gesture-velocity",
      "kind" : "remoteSourceControl",
      "location" : "https://github.com/FluidGroup/swiftui-gesture-velocity",
      "state" : {
        "revision" : "9c83f8995f9e5efc29db2fca4b9ff058283f1603",
        "version" : "1.0.0"
      }
    },
    {
      "identity" : "swiftui-snap-dragging-modifier",
      "kind" : "remoteSourceControl",
      "location" : "https://github.com/FluidGroup/swiftui-snap-dragging-modifier",
      "state" : {
        "revision" : "f105008910ee03fe50c23954bee98df8caec0ebe",
        "version" : "1.1.2"
      }
    },
    {
      "identity" : "swiftui-support",
      "kind" : "remoteSourceControl",
      "location" : "https://github.com/FluidGroup/swiftui-support",
      "state" : {
        "revision" : "8ef53190c33bd345e7a95ef504dafe0f85ad9c4d",
        "version" : "0.4.1"
      }
    },
    {
      "identity" : "viewinspector",
      "kind" : "remoteSourceControl",
      "location" : "https://github.com/nalexn/ViewInspector.git",
      "state" : {
        "revision" : "4effbd9143ab797eb60d2f32d4265c844c980946",
        "version" : "0.9.5"
      }
    }
  ],
  "version" : 2
}
