{
  "pins" : [
    {
      "identity" : "swift-rubber-banding",
      "kind" : "remoteSourceControl",
      "location" : "https://github.com/FluidGroup/swift-rubber-banding",
      "state" : {
        "revision" : "f2dbd09829c6267db0a769e7c37fe332dab0b675",
        "version" : "1.0.0"
      }
    },
    {
      "identity" : "swiftui-color",
      "kind" : "remoteSourceControl",
      "location" : "https://github.com/FluidGroup/swiftui-color",
      "state" : {
        "revision" : "c55af612894b03c876f4fc1601e7c1afb843bcd8",
        "version" : "1.0.0"
      }
    },
    {
      "identity" : "swiftui-scrollview-interoperable-drag-gesture",
      "kind" : "remoteSourceControl",
      "location" : "https://github.com/FluidGroup/swiftui-scrollview-interoperable-drag-gesture",
      "state" : {
        "revision" : "aa940c6e3b4c28ee20666f1f252982030a67b1f4",
        "version" : "0.2.2"
      }
    },
    {
      "identity" : "viewinspector",
      "kind" : "remoteSourceControl",
      "location" : "https://github.com/nalexn/ViewInspector.git",
      "state" : {
        "revision" : "4effbd9143ab797eb60d2f32d4265c844c980946",
        "version" : "0.9.5"
      }
    }
  ],
  "version" : 2
}
