{
  "pins" : [
    {
      "identity" : "rideau",
      "kind" : "remoteSourceControl",
      "location" : "https://github.com/FluidGroup/Rideau",
      "state" : {
        "revision" : "fa560b52c246863dee5ab4b03197f6e4a9794607",
        "version" : "2.3.1"
      }
    },
    {
      "identity" : "swiftui-color",
      "kind" : "remoteSourceControl",
      "location" : "https://github.com/FluidGroup/swiftui-color",
      "state" : {
        "revision" : "c55af612894b03c876f4fc1601e7c1afb843bcd8",
        "version" : "1.0.0"
      }
    },
    {
      "identity" : "swiftui-gesture-velocity",
      "kind" : "remoteSourceControl",
      "location" : "https://github.com/FluidGroup/swiftui-gesture-velocity",
      "state" : {
        "revision" : "9c83f8995f9e5efc29db2fca4b9ff058283f1603",
        "version" : "1.0.0"
      }
    },
    {
      "identity" : "viewinspector",
      "kind" : "remoteSourceControl",
      "location" : "https://github.com/nalexn/ViewInspector.git",
      "state" : {
        "revision" : "4effbd9143ab797eb60d2f32d4265c844c980946",
        "version" : "0.9.5"
      }
    }
  ],
  "version" : 2
}
